
Microsoft Visual Studio Solution File, Format Version 12.00
# Visual Studio Version 17
VisualStudioVersion = 17.1.32228.430
MinimumVisualStudioVersion = 10.0.40219.1
Project("{FAE04EC0-301F-11D3-BF4B-00C04F79EFBC}") = "CinemaProject", "CinemaProject\CinemaProject.csproj", "{0D32CF5F-7B8F-4893-AB9A-A4C790447FFD}"
EndProject
Global
	GlobalSection(SolutionConfigurationPlatforms) = preSolution
		Debug|Any CPU = Debug|Any CPU
		Release|Any CPU = Release|Any CPU
	EndGlobalSection
	GlobalSection(ProjectConfigurationPlatforms) = postSolution
		{0D32CF5F-7B8F-4893-AB9A-A4C790447FFD}.Debug|Any CPU.ActiveCfg = Debug|Any CPU
		{0D32CF5F-7B8F-4893-AB9A-A4C790447FFD}.Debug|Any CPU.Build.0 = Debug|Any CPU
		{0D32CF5F-7B8F-4893-AB9A-A4C790447FFD}.Release|Any CPU.ActiveCfg = Release|Any CPU
		{0D32CF5F-7B8F-4893-AB9A-A4C790447FFD}.Release|Any CPU.Build.0 = Release|Any CPU
	EndGlobalSection
	GlobalSection(SolutionProperties) = preSolution
		HideSolutionNode = FALSE
	EndGlobalSection
	GlobalSection(ExtensibilityGlobals) = postSolution
		SolutionGuid = {3899F8A5-D7F2-4814-A586-8641A8833E3A}
	EndGlobalSection
EndGlobal
