
Microsoft Visual Studio Solution File, Format Version 12.00
# Visual Studio Version 17
VisualStudioVersion = 17.1.32228.430
MinimumVisualStudioVersion = 10.0.40219.1
Project("{FAE04EC0-301F-11D3-BF4B-00C04F79EFBC}") = "CinemaProject", "CinemaProject\CinemaProject.csproj", "{DBB25213-8E95-43D6-A1C1-2EDBDEC42CCD}"
EndProject
Global
	GlobalSection(SolutionConfigurationPlatforms) = preSolution
		Debug|Any CPU = Debug|Any CPU
		Release|Any CPU = Release|Any CPU
	EndGlobalSection
	GlobalSection(ProjectConfigurationPlatforms) = postSolution
		{DBB25213-8E95-43D6-A1C1-2EDBDEC42CCD}.Debug|Any CPU.ActiveCfg = Debug|Any CPU
		{DBB25213-8E95-43D6-A1C1-2EDBDEC42CCD}.Debug|Any CPU.Build.0 = Debug|Any CPU
		{DBB25213-8E95-43D6-A1C1-2EDBDEC42CCD}.Release|Any CPU.ActiveCfg = Release|Any CPU
		{DBB25213-8E95-43D6-A1C1-2EDBDEC42CCD}.Release|Any CPU.Build.0 = Release|Any CPU
	EndGlobalSection
	GlobalSection(SolutionProperties) = preSolution
		HideSolutionNode = FALSE
	EndGlobalSection
	GlobalSection(ExtensibilityGlobals) = postSolution
		SolutionGuid = {BEEE828D-807F-4672-89A2-423EA4BA76C3}
	EndGlobalSection
EndGlobal
